
Microsoft Visual Studio Solution File, Format Version 12.00
# Visual Studio Version 17
VisualStudioVersion = 17.0.31903.59
MinimumVisualStudioVersion = 10.0.40219.1
Project("{2150E333-8FDC-42A3-9474-1A3956D46DE8}") = "day1", "day1", "{A80DBF83-DCD5-128A-3B07-83B9CCE4E82C}"
EndProject
Project("{2150E333-8FDC-42A3-9474-1A3956D46DE8}") = "src", "src", "{A0263CBE-F0F9-9CF1-5F64-0502FEF6D272}"
EndProject
Project("{FAE04EC0-301F-11D3-BF4B-00C04F79EFBC}") = "Day1", "day1\src\Day1.csproj", "{4ADBFAFB-58C3-471E-9C42-02CCFF2676D4}"
EndProject
Project("{2150E333-8FDC-42A3-9474-1A3956D46DE8}") = "test", "test", "{0A8EABE1-612F-2CBE-8C14-D95B27F36A09}"
EndProject
Project("{FAE04EC0-301F-11D3-BF4B-00C04F79EFBC}") = "Day1.Tests", "day1\test\Day1.Tests.csproj", "{333575B5-FC12-436A-BD1B-189E4727E434}"
EndProject
Project("{2150E333-8FDC-42A3-9474-1A3956D46DE8}") = "day2", "day2", "{0F7079F7-E55D-ED73-0375-19BFE3B19470}"
EndProject
Project("{2150E333-8FDC-42A3-9474-1A3956D46DE8}") = "src", "src", "{7538B6BA-DF9B-14BD-8A58-EAF441E43DB0}"
EndProject
Project("{FAE04EC0-301F-11D3-BF4B-00C04F79EFBC}") = "Day2", "day2\src\Day2.csproj", "{21D870BE-532F-451C-B28A-9030DBE312DD}"
EndProject
Project("{2150E333-8FDC-42A3-9474-1A3956D46DE8}") = "test", "test", "{1FA8A408-F30E-4480-1968-537A6CB3B74B}"
EndProject
Project("{FAE04EC0-301F-11D3-BF4B-00C04F79EFBC}") = "Day2.Tests", "day2\test\Day2.Tests.csproj", "{6F5B69EF-D8B3-48FD-A669-7BA7E9556234}"
EndProject
Project("{2150E333-8FDC-42A3-9474-1A3956D46DE8}") = "day3", "day3", "{0D665604-C928-4F15-2E39-29EE6604C658}"
EndProject
Project("{2150E333-8FDC-42A3-9474-1A3956D46DE8}") = "src", "src", "{C9B5A068-DF4D-7F56-35B1-C045ADF6AB39}"
EndProject
Project("{FAE04EC0-301F-11D3-BF4B-00C04F79EFBC}") = "Day3", "day3\src\Day3.csproj", "{94907A96-B36C-4C24-838B-504C31058840}"
EndProject
Project("{2150E333-8FDC-42A3-9474-1A3956D46DE8}") = "test", "test", "{B4608994-6D29-2762-C5A6-D40DB5C74BB6}"
EndProject
Project("{FAE04EC0-301F-11D3-BF4B-00C04F79EFBC}") = "Day3.Tests", "day3\test\Day3.Tests.csproj", "{D7D5FBAB-9EE2-4511-9BE1-D5CC192F3076}"
EndProject
Global
	GlobalSection(SolutionConfigurationPlatforms) = preSolution
		Debug|Any CPU = Debug|Any CPU
		Debug|x64 = Debug|x64
		Debug|x86 = Debug|x86
		Release|Any CPU = Release|Any CPU
		Release|x64 = Release|x64
		Release|x86 = Release|x86
	EndGlobalSection
	GlobalSection(ProjectConfigurationPlatforms) = postSolution
		{4ADBFAFB-58C3-471E-9C42-02CCFF2676D4}.Debug|Any CPU.ActiveCfg = Debug|Any CPU
		{4ADBFAFB-58C3-471E-9C42-02CCFF2676D4}.Debug|Any CPU.Build.0 = Debug|Any CPU
		{4ADBFAFB-58C3-471E-9C42-02CCFF2676D4}.Debug|x64.ActiveCfg = Debug|Any CPU
		{4ADBFAFB-58C3-471E-9C42-02CCFF2676D4}.Debug|x64.Build.0 = Debug|Any CPU
		{4ADBFAFB-58C3-471E-9C42-02CCFF2676D4}.Debug|x86.ActiveCfg = Debug|Any CPU
		{4ADBFAFB-58C3-471E-9C42-02CCFF2676D4}.Debug|x86.Build.0 = Debug|Any CPU
		{4ADBFAFB-58C3-471E-9C42-02CCFF2676D4}.Release|Any CPU.ActiveCfg = Release|Any CPU
		{4ADBFAFB-58C3-471E-9C42-02CCFF2676D4}.Release|Any CPU.Build.0 = Release|Any CPU
		{4ADBFAFB-58C3-471E-9C42-02CCFF2676D4}.Release|x64.ActiveCfg = Release|Any CPU
		{4ADBFAFB-58C3-471E-9C42-02CCFF2676D4}.Release|x64.Build.0 = Release|Any CPU
		{4ADBFAFB-58C3-471E-9C42-02CCFF2676D4}.Release|x86.ActiveCfg = Release|Any CPU
		{4ADBFAFB-58C3-471E-9C42-02CCFF2676D4}.Release|x86.Build.0 = Release|Any CPU
		{333575B5-FC12-436A-BD1B-189E4727E434}.Debug|Any CPU.ActiveCfg = Debug|Any CPU
		{333575B5-FC12-436A-BD1B-189E4727E434}.Debug|Any CPU.Build.0 = Debug|Any CPU
		{333575B5-FC12-436A-BD1B-189E4727E434}.Debug|x64.ActiveCfg = Debug|Any CPU
		{333575B5-FC12-436A-BD1B-189E4727E434}.Debug|x64.Build.0 = Debug|Any CPU
		{333575B5-FC12-436A-BD1B-189E4727E434}.Debug|x86.ActiveCfg = Debug|Any CPU
		{333575B5-FC12-436A-BD1B-189E4727E434}.Debug|x86.Build.0 = Debug|Any CPU
		{333575B5-FC12-436A-BD1B-189E4727E434}.Release|Any CPU.ActiveCfg = Release|Any CPU
		{333575B5-FC12-436A-BD1B-189E4727E434}.Release|Any CPU.Build.0 = Release|Any CPU
		{333575B5-FC12-436A-BD1B-189E4727E434}.Release|x64.ActiveCfg = Release|Any CPU
		{333575B5-FC12-436A-BD1B-189E4727E434}.Release|x64.Build.0 = Release|Any CPU
		{333575B5-FC12-436A-BD1B-189E4727E434}.Release|x86.ActiveCfg = Release|Any CPU
		{333575B5-FC12-436A-BD1B-189E4727E434}.Release|x86.Build.0 = Release|Any CPU
		{21D870BE-532F-451C-B28A-9030DBE312DD}.Debug|Any CPU.ActiveCfg = Debug|Any CPU
		{21D870BE-532F-451C-B28A-9030DBE312DD}.Debug|Any CPU.Build.0 = Debug|Any CPU
		{21D870BE-532F-451C-B28A-9030DBE312DD}.Debug|x64.ActiveCfg = Debug|Any CPU
		{21D870BE-532F-451C-B28A-9030DBE312DD}.Debug|x64.Build.0 = Debug|Any CPU
		{21D870BE-532F-451C-B28A-9030DBE312DD}.Debug|x86.ActiveCfg = Debug|Any CPU
		{21D870BE-532F-451C-B28A-9030DBE312DD}.Debug|x86.Build.0 = Debug|Any CPU
		{21D870BE-532F-451C-B28A-9030DBE312DD}.Release|Any CPU.ActiveCfg = Release|Any CPU
		{21D870BE-532F-451C-B28A-9030DBE312DD}.Release|Any CPU.Build.0 = Release|Any CPU
		{21D870BE-532F-451C-B28A-9030DBE312DD}.Release|x64.ActiveCfg = Release|Any CPU
		{21D870BE-532F-451C-B28A-9030DBE312DD}.Release|x64.Build.0 = Release|Any CPU
		{21D870BE-532F-451C-B28A-9030DBE312DD}.Release|x86.ActiveCfg = Release|Any CPU
		{21D870BE-532F-451C-B28A-9030DBE312DD}.Release|x86.Build.0 = Release|Any CPU
		{6F5B69EF-D8B3-48FD-A669-7BA7E9556234}.Debug|Any CPU.ActiveCfg = Debug|Any CPU
		{6F5B69EF-D8B3-48FD-A669-7BA7E9556234}.Debug|Any CPU.Build.0 = Debug|Any CPU
		{6F5B69EF-D8B3-48FD-A669-7BA7E9556234}.Debug|x64.ActiveCfg = Debug|Any CPU
		{6F5B69EF-D8B3-48FD-A669-7BA7E9556234}.Debug|x64.Build.0 = Debug|Any CPU
		{6F5B69EF-D8B3-48FD-A669-7BA7E9556234}.Debug|x86.ActiveCfg = Debug|Any CPU
		{6F5B69EF-D8B3-48FD-A669-7BA7E9556234}.Debug|x86.Build.0 = Debug|Any CPU
		{6F5B69EF-D8B3-48FD-A669-7BA7E9556234}.Release|Any CPU.ActiveCfg = Release|Any CPU
		{6F5B69EF-D8B3-48FD-A669-7BA7E9556234}.Release|Any CPU.Build.0 = Release|Any CPU
		{6F5B69EF-D8B3-48FD-A669-7BA7E9556234}.Release|x64.ActiveCfg = Release|Any CPU
		{6F5B69EF-D8B3-48FD-A669-7BA7E9556234}.Release|x64.Build.0 = Release|Any CPU
		{6F5B69EF-D8B3-48FD-A669-7BA7E9556234}.Release|x86.ActiveCfg = Release|Any CPU
		{6F5B69EF-D8B3-48FD-A669-7BA7E9556234}.Release|x86.Build.0 = Release|Any CPU
		{94907A96-B36C-4C24-838B-504C31058840}.Debug|Any CPU.ActiveCfg = Debug|Any CPU
		{94907A96-B36C-4C24-838B-504C31058840}.Debug|Any CPU.Build.0 = Debug|Any CPU
		{94907A96-B36C-4C24-838B-504C31058840}.Debug|x64.ActiveCfg = Debug|Any CPU
		{94907A96-B36C-4C24-838B-504C31058840}.Debug|x64.Build.0 = Debug|Any CPU
		{94907A96-B36C-4C24-838B-504C31058840}.Debug|x86.ActiveCfg = Debug|Any CPU
		{94907A96-B36C-4C24-838B-504C31058840}.Debug|x86.Build.0 = Debug|Any CPU
		{94907A96-B36C-4C24-838B-504C31058840}.Release|Any CPU.ActiveCfg = Release|Any CPU
		{94907A96-B36C-4C24-838B-504C31058840}.Release|Any CPU.Build.0 = Release|Any CPU
		{94907A96-B36C-4C24-838B-504C31058840}.Release|x64.ActiveCfg = Release|Any CPU
		{94907A96-B36C-4C24-838B-504C31058840}.Release|x64.Build.0 = Release|Any CPU
		{94907A96-B36C-4C24-838B-504C31058840}.Release|x86.ActiveCfg = Release|Any CPU
		{94907A96-B36C-4C24-838B-504C31058840}.Release|x86.Build.0 = Release|Any CPU
		{D7D5FBAB-9EE2-4511-9BE1-D5CC192F3076}.Debug|Any CPU.ActiveCfg = Debug|Any CPU
		{D7D5FBAB-9EE2-4511-9BE1-D5CC192F3076}.Debug|Any CPU.Build.0 = Debug|Any CPU
		{D7D5FBAB-9EE2-4511-9BE1-D5CC192F3076}.Debug|x64.ActiveCfg = Debug|Any CPU
		{D7D5FBAB-9EE2-4511-9BE1-D5CC192F3076}.Debug|x64.Build.0 = Debug|Any CPU
		{D7D5FBAB-9EE2-4511-9BE1-D5CC192F3076}.Debug|x86.ActiveCfg = Debug|Any CPU
		{D7D5FBAB-9EE2-4511-9BE1-D5CC192F3076}.Debug|x86.Build.0 = Debug|Any CPU
		{D7D5FBAB-9EE2-4511-9BE1-D5CC192F3076}.Release|Any CPU.ActiveCfg = Release|Any CPU
		{D7D5FBAB-9EE2-4511-9BE1-D5CC192F3076}.Release|Any CPU.Build.0 = Release|Any CPU
		{D7D5FBAB-9EE2-4511-9BE1-D5CC192F3076}.Release|x64.ActiveCfg = Release|Any CPU
		{D7D5FBAB-9EE2-4511-9BE1-D5CC192F3076}.Release|x64.Build.0 = Release|Any CPU
		{D7D5FBAB-9EE2-4511-9BE1-D5CC192F3076}.Release|x86.ActiveCfg = Release|Any CPU
		{D7D5FBAB-9EE2-4511-9BE1-D5CC192F3076}.Release|x86.Build.0 = Release|Any CPU
	EndGlobalSection
	GlobalSection(SolutionProperties) = preSolution
		HideSolutionNode = FALSE
	EndGlobalSection
	GlobalSection(NestedProjects) = preSolution
		{A0263CBE-F0F9-9CF1-5F64-0502FEF6D272} = {A80DBF83-DCD5-128A-3B07-83B9CCE4E82C}
		{4ADBFAFB-58C3-471E-9C42-02CCFF2676D4} = {A0263CBE-F0F9-9CF1-5F64-0502FEF6D272}
		{0A8EABE1-612F-2CBE-8C14-D95B27F36A09} = {A80DBF83-DCD5-128A-3B07-83B9CCE4E82C}
		{333575B5-FC12-436A-BD1B-189E4727E434} = {0A8EABE1-612F-2CBE-8C14-D95B27F36A09}
		{7538B6BA-DF9B-14BD-8A58-EAF441E43DB0} = {0F7079F7-E55D-ED73-0375-19BFE3B19470}
		{21D870BE-532F-451C-B28A-9030DBE312DD} = {7538B6BA-DF9B-14BD-8A58-EAF441E43DB0}
		{1FA8A408-F30E-4480-1968-537A6CB3B74B} = {0F7079F7-E55D-ED73-0375-19BFE3B19470}
		{6F5B69EF-D8B3-48FD-A669-7BA7E9556234} = {1FA8A408-F30E-4480-1968-537A6CB3B74B}
		{C9B5A068-DF4D-7F56-35B1-C045ADF6AB39} = {0D665604-C928-4F15-2E39-29EE6604C658}
		{94907A96-B36C-4C24-838B-504C31058840} = {C9B5A068-DF4D-7F56-35B1-C045ADF6AB39}
		{B4608994-6D29-2762-C5A6-D40DB5C74BB6} = {0D665604-C928-4F15-2E39-29EE6604C658}
		{D7D5FBAB-9EE2-4511-9BE1-D5CC192F3076} = {B4608994-6D29-2762-C5A6-D40DB5C74BB6}
	EndGlobalSection
EndGlobal
